
Microsoft Visual Studio Solution File, Format Version 12.00
# Visual Studio 15
Project("{FAE04EC0-301F-11D3-BF4B-00C04F79EFBC}") = "Mosqueton.Android", "Mosqueton.Android\Mosqueton.Android.csproj", "{3E143280-F958-4366-8DC0-7FCABF54B498}"
EndProject
Project("{FAE04EC0-301F-11D3-BF4B-00C04F79EFBC}") = "Mosqueton.iOS", "Mosqueton.iOS\Mosqueton.iOS.csproj", "{920DA93D-F656-44E8-96CC-EB994C00EB62}"
EndProject
Project("{FAE04EC0-301F-11D3-BF4B-00C04F79EFBC}") = "Mosqueton.IoC", "Mosqueton.IoC\Mosqueton.IoC.csproj", "{5549C523-3A96-4A43-9058-4C5588990B04}"
EndProject
Project("{FAE04EC0-301F-11D3-BF4B-00C04F79EFBC}") = "Mosqueton.IServices", "Mosqueton.IServices\Mosqueton.IServices.csproj", "{24F8464A-C779-461C-8A87-E5FD1B6A7035}"
EndProject
Project("{FAE04EC0-301F-11D3-BF4B-00C04F79EFBC}") = "Mosqueton.Services", "Mosqueton.Services\Mosqueton.Services.csproj", "{247973BA-6051-403E-A3DE-3FB243D5828D}"
EndProject
Project("{FAE04EC0-301F-11D3-BF4B-00C04F79EFBC}") = "Mosqueton.Data", "Mosqueton.Data\Mosqueton.Data.csproj", "{974DD549-AF9C-4FBC-A0CF-94116BA6DBE4}"
EndProject
Project("{FAE04EC0-301F-11D3-BF4B-00C04F79EFBC}") = "Mosqueton.Data.Interfaces", "Mosqueton.Data.Interfaces\Mosqueton.Data.Interfaces.csproj", "{FF655944-58D0-4FF2-A6A1-E7BDA02B62C3}"
EndProject
Project("{D954291E-2A0B-460D-934E-DC6B0785DB48}") = "Mosqueton", "Mosqueton\Mosqueton.shproj", "{07180EA2-ACAC-453B-B730-BDDD4611FA03}"
EndProject
Project("{FAE04EC0-301F-11D3-BF4B-00C04F79EFBC}") = "Mosqueton.Model", "Mosqueton.Model\Mosqueton.Model.csproj", "{CDC86EFF-A079-42EA-89FE-4881ED72E007}"
EndProject
Project("{FAE04EC0-301F-11D3-BF4B-00C04F79EFBC}") = "Mosqueton.Infrastructure", "Mosqueton.Infrastructure\Mosqueton.Infrastructure.csproj", "{D3F76EBB-BE8F-4A73-8B7F-0DF50498EDA4}"
EndProject
Project("{2150E333-8FDC-42A3-9474-1A3956D46DE8}") = "Tests", "Tests", "{C8F32C44-C01A-4E02-B9A1-ECAC2B297AB4}"
EndProject
Global
	GlobalSection(SolutionConfigurationPlatforms) = preSolution
		Debug|Any CPU = Debug|Any CPU
		Release|Any CPU = Release|Any CPU
		Debug|iPhoneSimulator = Debug|iPhoneSimulator
		Release|iPhoneSimulator = Release|iPhoneSimulator
		Debug|iPhone = Debug|iPhone
		Release|iPhone = Release|iPhone
	EndGlobalSection
	GlobalSection(ProjectConfigurationPlatforms) = postSolution
		{3E143280-F958-4366-8DC0-7FCABF54B498}.Debug|Any CPU.ActiveCfg = Debug|Any CPU
		{3E143280-F958-4366-8DC0-7FCABF54B498}.Debug|Any CPU.Build.0 = Debug|Any CPU
		{3E143280-F958-4366-8DC0-7FCABF54B498}.Release|Any CPU.ActiveCfg = Release|Any CPU
		{3E143280-F958-4366-8DC0-7FCABF54B498}.Release|Any CPU.Build.0 = Release|Any CPU
		{3E143280-F958-4366-8DC0-7FCABF54B498}.Debug|iPhoneSimulator.ActiveCfg = Debug|Any CPU
		{3E143280-F958-4366-8DC0-7FCABF54B498}.Debug|iPhoneSimulator.Build.0 = Debug|Any CPU
		{3E143280-F958-4366-8DC0-7FCABF54B498}.Release|iPhoneSimulator.ActiveCfg = Release|Any CPU
		{3E143280-F958-4366-8DC0-7FCABF54B498}.Release|iPhoneSimulator.Build.0 = Release|Any CPU
		{3E143280-F958-4366-8DC0-7FCABF54B498}.Debug|iPhone.ActiveCfg = Debug|Any CPU
		{3E143280-F958-4366-8DC0-7FCABF54B498}.Debug|iPhone.Build.0 = Debug|Any CPU
		{3E143280-F958-4366-8DC0-7FCABF54B498}.Release|iPhone.ActiveCfg = Release|Any CPU
		{3E143280-F958-4366-8DC0-7FCABF54B498}.Release|iPhone.Build.0 = Release|Any CPU
		{920DA93D-F656-44E8-96CC-EB994C00EB62}.Debug|Any CPU.ActiveCfg = Debug|iPhoneSimulator
		{920DA93D-F656-44E8-96CC-EB994C00EB62}.Debug|Any CPU.Build.0 = Debug|iPhoneSimulator
		{920DA93D-F656-44E8-96CC-EB994C00EB62}.Release|Any CPU.ActiveCfg = Release|iPhoneSimulator
		{920DA93D-F656-44E8-96CC-EB994C00EB62}.Release|Any CPU.Build.0 = Release|iPhoneSimulator
		{920DA93D-F656-44E8-96CC-EB994C00EB62}.Debug|iPhoneSimulator.ActiveCfg = Debug|iPhoneSimulator
		{920DA93D-F656-44E8-96CC-EB994C00EB62}.Debug|iPhoneSimulator.Build.0 = Debug|iPhoneSimulator
		{920DA93D-F656-44E8-96CC-EB994C00EB62}.Release|iPhoneSimulator.ActiveCfg = Release|iPhoneSimulator
		{920DA93D-F656-44E8-96CC-EB994C00EB62}.Release|iPhoneSimulator.Build.0 = Release|iPhoneSimulator
		{920DA93D-F656-44E8-96CC-EB994C00EB62}.Debug|iPhone.ActiveCfg = Debug|iPhone
		{920DA93D-F656-44E8-96CC-EB994C00EB62}.Debug|iPhone.Build.0 = Debug|iPhone
		{920DA93D-F656-44E8-96CC-EB994C00EB62}.Release|iPhone.ActiveCfg = Release|iPhone
		{920DA93D-F656-44E8-96CC-EB994C00EB62}.Release|iPhone.Build.0 = Release|iPhone
		{5549C523-3A96-4A43-9058-4C5588990B04}.Debug|Any CPU.ActiveCfg = Debug|Any CPU
		{5549C523-3A96-4A43-9058-4C5588990B04}.Debug|Any CPU.Build.0 = Debug|Any CPU
		{5549C523-3A96-4A43-9058-4C5588990B04}.Release|Any CPU.ActiveCfg = Release|Any CPU
		{5549C523-3A96-4A43-9058-4C5588990B04}.Release|Any CPU.Build.0 = Release|Any CPU
		{5549C523-3A96-4A43-9058-4C5588990B04}.Debug|iPhoneSimulator.ActiveCfg = Debug|Any CPU
		{5549C523-3A96-4A43-9058-4C5588990B04}.Debug|iPhoneSimulator.Build.0 = Debug|Any CPU
		{5549C523-3A96-4A43-9058-4C5588990B04}.Release|iPhoneSimulator.ActiveCfg = Release|Any CPU
		{5549C523-3A96-4A43-9058-4C5588990B04}.Release|iPhoneSimulator.Build.0 = Release|Any CPU
		{5549C523-3A96-4A43-9058-4C5588990B04}.Debug|iPhone.ActiveCfg = Debug|Any CPU
		{5549C523-3A96-4A43-9058-4C5588990B04}.Debug|iPhone.Build.0 = Debug|Any CPU
		{5549C523-3A96-4A43-9058-4C5588990B04}.Release|iPhone.ActiveCfg = Release|Any CPU
		{5549C523-3A96-4A43-9058-4C5588990B04}.Release|iPhone.Build.0 = Release|Any CPU
		{24F8464A-C779-461C-8A87-E5FD1B6A7035}.Debug|Any CPU.ActiveCfg = Debug|Any CPU
		{24F8464A-C779-461C-8A87-E5FD1B6A7035}.Debug|Any CPU.Build.0 = Debug|Any CPU
		{24F8464A-C779-461C-8A87-E5FD1B6A7035}.Release|Any CPU.ActiveCfg = Release|Any CPU
		{24F8464A-C779-461C-8A87-E5FD1B6A7035}.Release|Any CPU.Build.0 = Release|Any CPU
		{24F8464A-C779-461C-8A87-E5FD1B6A7035}.Debug|iPhoneSimulator.ActiveCfg = Debug|Any CPU
		{24F8464A-C779-461C-8A87-E5FD1B6A7035}.Debug|iPhoneSimulator.Build.0 = Debug|Any CPU
		{24F8464A-C779-461C-8A87-E5FD1B6A7035}.Release|iPhoneSimulator.ActiveCfg = Release|Any CPU
		{24F8464A-C779-461C-8A87-E5FD1B6A7035}.Release|iPhoneSimulator.Build.0 = Release|Any CPU
		{24F8464A-C779-461C-8A87-E5FD1B6A7035}.Debug|iPhone.ActiveCfg = Debug|Any CPU
		{24F8464A-C779-461C-8A87-E5FD1B6A7035}.Debug|iPhone.Build.0 = Debug|Any CPU
		{24F8464A-C779-461C-8A87-E5FD1B6A7035}.Release|iPhone.ActiveCfg = Release|Any CPU
		{24F8464A-C779-461C-8A87-E5FD1B6A7035}.Release|iPhone.Build.0 = Release|Any CPU
		{247973BA-6051-403E-A3DE-3FB243D5828D}.Debug|Any CPU.ActiveCfg = Debug|Any CPU
		{247973BA-6051-403E-A3DE-3FB243D5828D}.Debug|Any CPU.Build.0 = Debug|Any CPU
		{247973BA-6051-403E-A3DE-3FB243D5828D}.Release|Any CPU.ActiveCfg = Release|Any CPU
		{247973BA-6051-403E-A3DE-3FB243D5828D}.Release|Any CPU.Build.0 = Release|Any CPU
		{247973BA-6051-403E-A3DE-3FB243D5828D}.Debug|iPhoneSimulator.ActiveCfg = Debug|Any CPU
		{247973BA-6051-403E-A3DE-3FB243D5828D}.Debug|iPhoneSimulator.Build.0 = Debug|Any CPU
		{247973BA-6051-403E-A3DE-3FB243D5828D}.Release|iPhoneSimulator.ActiveCfg = Release|Any CPU
		{247973BA-6051-403E-A3DE-3FB243D5828D}.Release|iPhoneSimulator.Build.0 = Release|Any CPU
		{247973BA-6051-403E-A3DE-3FB243D5828D}.Debug|iPhone.ActiveCfg = Debug|Any CPU
		{247973BA-6051-403E-A3DE-3FB243D5828D}.Debug|iPhone.Build.0 = Debug|Any CPU
		{247973BA-6051-403E-A3DE-3FB243D5828D}.Release|iPhone.ActiveCfg = Release|Any CPU
		{247973BA-6051-403E-A3DE-3FB243D5828D}.Release|iPhone.Build.0 = Release|Any CPU
		{974DD549-AF9C-4FBC-A0CF-94116BA6DBE4}.Debug|Any CPU.ActiveCfg = Debug|Any CPU
		{974DD549-AF9C-4FBC-A0CF-94116BA6DBE4}.Debug|Any CPU.Build.0 = Debug|Any CPU
		{974DD549-AF9C-4FBC-A0CF-94116BA6DBE4}.Release|Any CPU.ActiveCfg = Release|Any CPU
		{974DD549-AF9C-4FBC-A0CF-94116BA6DBE4}.Release|Any CPU.Build.0 = Release|Any CPU
		{974DD549-AF9C-4FBC-A0CF-94116BA6DBE4}.Debug|iPhoneSimulator.ActiveCfg = Debug|Any CPU
		{974DD549-AF9C-4FBC-A0CF-94116BA6DBE4}.Debug|iPhoneSimulator.Build.0 = Debug|Any CPU
		{974DD549-AF9C-4FBC-A0CF-94116BA6DBE4}.Release|iPhoneSimulator.ActiveCfg = Release|Any CPU
		{974DD549-AF9C-4FBC-A0CF-94116BA6DBE4}.Release|iPhoneSimulator.Build.0 = Release|Any CPU
		{974DD549-AF9C-4FBC-A0CF-94116BA6DBE4}.Debug|iPhone.ActiveCfg = Debug|Any CPU
		{974DD549-AF9C-4FBC-A0CF-94116BA6DBE4}.Debug|iPhone.Build.0 = Debug|Any CPU
		{974DD549-AF9C-4FBC-A0CF-94116BA6DBE4}.Release|iPhone.ActiveCfg = Release|Any CPU
		{974DD549-AF9C-4FBC-A0CF-94116BA6DBE4}.Release|iPhone.Build.0 = Release|Any CPU
		{FF655944-58D0-4FF2-A6A1-E7BDA02B62C3}.Debug|Any CPU.ActiveCfg = Debug|Any CPU
		{FF655944-58D0-4FF2-A6A1-E7BDA02B62C3}.Debug|Any CPU.Build.0 = Debug|Any CPU
		{FF655944-58D0-4FF2-A6A1-E7BDA02B62C3}.Release|Any CPU.ActiveCfg = Release|Any CPU
		{FF655944-58D0-4FF2-A6A1-E7BDA02B62C3}.Release|Any CPU.Build.0 = Release|Any CPU
		{FF655944-58D0-4FF2-A6A1-E7BDA02B62C3}.Debug|iPhoneSimulator.ActiveCfg = Debug|Any CPU
		{FF655944-58D0-4FF2-A6A1-E7BDA02B62C3}.Debug|iPhoneSimulator.Build.0 = Debug|Any CPU
		{FF655944-58D0-4FF2-A6A1-E7BDA02B62C3}.Release|iPhoneSimulator.ActiveCfg = Release|Any CPU
		{FF655944-58D0-4FF2-A6A1-E7BDA02B62C3}.Release|iPhoneSimulator.Build.0 = Release|Any CPU
		{FF655944-58D0-4FF2-A6A1-E7BDA02B62C3}.Debug|iPhone.ActiveCfg = Debug|Any CPU
		{FF655944-58D0-4FF2-A6A1-E7BDA02B62C3}.Debug|iPhone.Build.0 = Debug|Any CPU
		{FF655944-58D0-4FF2-A6A1-E7BDA02B62C3}.Release|iPhone.ActiveCfg = Release|Any CPU
		{FF655944-58D0-4FF2-A6A1-E7BDA02B62C3}.Release|iPhone.Build.0 = Release|Any CPU
		{CDC86EFF-A079-42EA-89FE-4881ED72E007}.Debug|Any CPU.ActiveCfg = Debug|Any CPU
		{CDC86EFF-A079-42EA-89FE-4881ED72E007}.Debug|Any CPU.Build.0 = Debug|Any CPU
		{CDC86EFF-A079-42EA-89FE-4881ED72E007}.Release|Any CPU.ActiveCfg = Release|Any CPU
		{CDC86EFF-A079-42EA-89FE-4881ED72E007}.Release|Any CPU.Build.0 = Release|Any CPU
		{CDC86EFF-A079-42EA-89FE-4881ED72E007}.Debug|iPhoneSimulator.ActiveCfg = Debug|Any CPU
		{CDC86EFF-A079-42EA-89FE-4881ED72E007}.Debug|iPhoneSimulator.Build.0 = Debug|Any CPU
		{CDC86EFF-A079-42EA-89FE-4881ED72E007}.Release|iPhoneSimulator.ActiveCfg = Release|Any CPU
		{CDC86EFF-A079-42EA-89FE-4881ED72E007}.Release|iPhoneSimulator.Build.0 = Release|Any CPU
		{CDC86EFF-A079-42EA-89FE-4881ED72E007}.Debug|iPhone.ActiveCfg = Debug|Any CPU
		{CDC86EFF-A079-42EA-89FE-4881ED72E007}.Debug|iPhone.Build.0 = Debug|Any CPU
		{CDC86EFF-A079-42EA-89FE-4881ED72E007}.Release|iPhone.ActiveCfg = Release|Any CPU
		{CDC86EFF-A079-42EA-89FE-4881ED72E007}.Release|iPhone.Build.0 = Release|Any CPU
		{D3F76EBB-BE8F-4A73-8B7F-0DF50498EDA4}.Debug|Any CPU.ActiveCfg = Debug|Any CPU
		{D3F76EBB-BE8F-4A73-8B7F-0DF50498EDA4}.Debug|Any CPU.Build.0 = Debug|Any CPU
		{D3F76EBB-BE8F-4A73-8B7F-0DF50498EDA4}.Release|Any CPU.ActiveCfg = Release|Any CPU
		{D3F76EBB-BE8F-4A73-8B7F-0DF50498EDA4}.Release|Any CPU.Build.0 = Release|Any CPU
		{D3F76EBB-BE8F-4A73-8B7F-0DF50498EDA4}.Debug|iPhoneSimulator.ActiveCfg = Debug|Any CPU
		{D3F76EBB-BE8F-4A73-8B7F-0DF50498EDA4}.Debug|iPhoneSimulator.Build.0 = Debug|Any CPU
		{D3F76EBB-BE8F-4A73-8B7F-0DF50498EDA4}.Release|iPhoneSimulator.ActiveCfg = Release|Any CPU
		{D3F76EBB-BE8F-4A73-8B7F-0DF50498EDA4}.Release|iPhoneSimulator.Build.0 = Release|Any CPU
		{D3F76EBB-BE8F-4A73-8B7F-0DF50498EDA4}.Debug|iPhone.ActiveCfg = Debug|Any CPU
		{D3F76EBB-BE8F-4A73-8B7F-0DF50498EDA4}.Debug|iPhone.Build.0 = Debug|Any CPU
		{D3F76EBB-BE8F-4A73-8B7F-0DF50498EDA4}.Release|iPhone.ActiveCfg = Release|Any CPU
		{D3F76EBB-BE8F-4A73-8B7F-0DF50498EDA4}.Release|iPhone.Build.0 = Release|Any CPU
	EndGlobalSection
EndGlobal
